
Microsoft Visual Studio Solution File, Format Version 12.00
# Visual Studio Version 16
VisualStudioVersion = 16.0.31105.61
MinimumVisualStudioVersion = 10.0.40219.1
Project("{FAE04EC0-301F-11D3-BF4B-00C04F79EFBC}") = "ParkingGarageManagementSystem.Server", "Server\ParkingGarageManagementSystem.Server.csproj", "{1F404560-E4E2-4631-98D3-EF41DA850C03}"
EndProject
Project("{FAE04EC0-301F-11D3-BF4B-00C04F79EFBC}") = "ParkingGarageManagementSystem.Client", "Client\ParkingGarageManagementSystem.Client.csproj", "{3037E9C9-83A2-48F0-9BBA-5D0940BD3FF6}"
EndProject
Project("{FAE04EC0-301F-11D3-BF4B-00C04F79EFBC}") = "ParkingGarageManagementSystem.Shared", "Shared\ParkingGarageManagementSystem.Shared.csproj", "{405BE9B9-D431-47B0-8BBB-73967FB20AFA}"
EndProject
Global
	GlobalSection(SolutionConfigurationPlatforms) = preSolution
		Debug|Any CPU = Debug|Any CPU
		Release|Any CPU = Release|Any CPU
	EndGlobalSection
	GlobalSection(ProjectConfigurationPlatforms) = postSolution
		{1F404560-E4E2-4631-98D3-EF41DA850C03}.Debug|Any CPU.ActiveCfg = Debug|Any CPU
		{1F404560-E4E2-4631-98D3-EF41DA850C03}.Debug|Any CPU.Build.0 = Debug|Any CPU
		{1F404560-E4E2-4631-98D3-EF41DA850C03}.Release|Any CPU.ActiveCfg = Release|Any CPU
		{1F404560-E4E2-4631-98D3-EF41DA850C03}.Release|Any CPU.Build.0 = Release|Any CPU
		{3037E9C9-83A2-48F0-9BBA-5D0940BD3FF6}.Debug|Any CPU.ActiveCfg = Debug|Any CPU
		{3037E9C9-83A2-48F0-9BBA-5D0940BD3FF6}.Debug|Any CPU.Build.0 = Debug|Any CPU
		{3037E9C9-83A2-48F0-9BBA-5D0940BD3FF6}.Release|Any CPU.ActiveCfg = Release|Any CPU
		{3037E9C9-83A2-48F0-9BBA-5D0940BD3FF6}.Release|Any CPU.Build.0 = Release|Any CPU
		{405BE9B9-D431-47B0-8BBB-73967FB20AFA}.Debug|Any CPU.ActiveCfg = Debug|Any CPU
		{405BE9B9-D431-47B0-8BBB-73967FB20AFA}.Debug|Any CPU.Build.0 = Debug|Any CPU
		{405BE9B9-D431-47B0-8BBB-73967FB20AFA}.Release|Any CPU.ActiveCfg = Release|Any CPU
		{405BE9B9-D431-47B0-8BBB-73967FB20AFA}.Release|Any CPU.Build.0 = Release|Any CPU
	EndGlobalSection
	GlobalSection(SolutionProperties) = preSolution
		HideSolutionNode = FALSE
	EndGlobalSection
	GlobalSection(ExtensibilityGlobals) = postSolution
		SolutionGuid = {D1A4F5CE-9F0A-4922-A7ED-FABAEEBD783D}
	EndGlobalSection
EndGlobal
