
Microsoft Visual Studio Solution File, Format Version 12.00
# Visual Studio Version 16
VisualStudioVersion = 16.0.31105.61
MinimumVisualStudioVersion = 10.0.40219.1
Project("{FAE04EC0-301F-11D3-BF4B-00C04F79EFBC}") = "ParkingGarageApp", "ParkingGarageApp.csproj", "{A6CF4941-8BD4-4EEB-BB02-3A14821E8106}"
EndProject
Project("{FAE04EC0-301F-11D3-BF4B-00C04F79EFBC}") = "ParkingGarage", "..\DataBaseConnector\ParkingGarage.csproj", "{8A2755CA-A804-42B8-9FBF-FC7756F89CD9}"
EndProject
Global
	GlobalSection(SolutionConfigurationPlatforms) = preSolution
		Debug|Any CPU = Debug|Any CPU
		Release|Any CPU = Release|Any CPU
	EndGlobalSection
	GlobalSection(ProjectConfigurationPlatforms) = postSolution
		{A6CF4941-8BD4-4EEB-BB02-3A14821E8106}.Debug|Any CPU.ActiveCfg = Debug|Any CPU
		{A6CF4941-8BD4-4EEB-BB02-3A14821E8106}.Debug|Any CPU.Build.0 = Debug|Any CPU
		{A6CF4941-8BD4-4EEB-BB02-3A14821E8106}.Release|Any CPU.ActiveCfg = Release|Any CPU
		{A6CF4941-8BD4-4EEB-BB02-3A14821E8106}.Release|Any CPU.Build.0 = Release|Any CPU
		{8A2755CA-A804-42B8-9FBF-FC7756F89CD9}.Debug|Any CPU.ActiveCfg = Debug|Any CPU
		{8A2755CA-A804-42B8-9FBF-FC7756F89CD9}.Debug|Any CPU.Build.0 = Debug|Any CPU
		{8A2755CA-A804-42B8-9FBF-FC7756F89CD9}.Release|Any CPU.ActiveCfg = Release|Any CPU
		{8A2755CA-A804-42B8-9FBF-FC7756F89CD9}.Release|Any CPU.Build.0 = Release|Any CPU
	EndGlobalSection
	GlobalSection(SolutionProperties) = preSolution
		HideSolutionNode = FALSE
	EndGlobalSection
	GlobalSection(ExtensibilityGlobals) = postSolution
		SolutionGuid = {B978877A-16D0-4AC9-BCAE-F99A55A1ED4C}
	EndGlobalSection
EndGlobal
